
Microsoft Visual Studio Solution File, Format Version 12.00
# Visual Studio Version 16
VisualStudioVersion = 16.0.30907.101
MinimumVisualStudioVersion = 10.0.40219.1
Project("{FAE04EC0-301F-11D3-BF4B-00C04F79EFBC}") = "Lab0", "Lab0.csproj", "{7DE6DC1B-75F8-4A57-AE98-60E36481BC27}"
EndProject
Global
	GlobalSection(SolutionConfigurationPlatforms) = preSolution
		Debug|Any CPU = Debug|Any CPU
		Release|Any CPU = Release|Any CPU
	EndGlobalSection
	GlobalSection(ProjectConfigurationPlatforms) = postSolution
		{7DE6DC1B-75F8-4A57-AE98-60E36481BC27}.Debug|Any CPU.ActiveCfg = Debug|Any CPU
		{7DE6DC1B-75F8-4A57-AE98-60E36481BC27}.Debug|Any CPU.Build.0 = Debug|Any CPU
		{7DE6DC1B-75F8-4A57-AE98-60E36481BC27}.Release|Any CPU.ActiveCfg = Release|Any CPU
		{7DE6DC1B-75F8-4A57-AE98-60E36481BC27}.Release|Any CPU.Build.0 = Release|Any CPU
	EndGlobalSection
	GlobalSection(SolutionProperties) = preSolution
		HideSolutionNode = FALSE
	EndGlobalSection
	GlobalSection(ExtensibilityGlobals) = postSolution
		SolutionGuid = {A1560053-30E3-401A-8D98-52F94C682157}
	EndGlobalSection
EndGlobal
